
Microsoft Visual Studio Solution File, Format Version 12.00
# Visual Studio Version 17
VisualStudioVersion = 17.0.31919.166
MinimumVisualStudioVersion = 10.0.40219.1
Project("{FAE04EC0-301F-11D3-BF4B-00C04F79EFBC}") = "MyProject", "MyProject\MyProject.csproj", "{D71D746F-4DA6-4742-B568-AC88728477D2}"
EndProject
Global
	GlobalSection(SolutionConfigurationPlatforms) = preSolution
		Debug|Any CPU = Debug|Any CPU
		Release|Any CPU = Release|Any CPU
	EndGlobalSection
	GlobalSection(ProjectConfigurationPlatforms) = postSolution
		{D71D746F-4DA6-4742-B568-AC88728477D2}.Debug|Any CPU.ActiveCfg = Debug|Any CPU
		{D71D746F-4DA6-4742-B568-AC88728477D2}.Debug|Any CPU.Build.0 = Debug|Any CPU
		{D71D746F-4DA6-4742-B568-AC88728477D2}.Release|Any CPU.ActiveCfg = Release|Any CPU
		{D71D746F-4DA6-4742-B568-AC88728477D2}.Release|Any CPU.Build.0 = Release|Any CPU
	EndGlobalSection
	GlobalSection(SolutionProperties) = preSolution
		HideSolutionNode = FALSE
	EndGlobalSection
	GlobalSection(ExtensibilityGlobals) = postSolution
		SolutionGuid = {A496BF0F-30A6-4D38-AA5D-E29C9636438E}
	EndGlobalSection
EndGlobal
